{
  "pins" : [
    {
      "identity" : "ignite",
      "kind" : "remoteSourceControl",
      "location" : "https://github.com/twostraws/Ignite.git",
      "state" : {
        "branch" : "main",
        "revision" : "c643e9e76ba8d7dacbc980f724ce1d325faf10e5"
      }
    },
    {
      "identity" : "swift-argument-parser",
      "kind" : "remoteSourceControl",
      "location" : "https://github.com/apple/swift-argument-parser.git",
      "state" : {
        "revision" : "0fbc8848e389af3bb55c182bc19ca9d5dc2f255b",
        "version" : "1.4.0"
      }
    },
    {
      "identity" : "swift-cmark",
      "kind" : "remoteSourceControl",
      "location" : "https://github.com/apple/swift-cmark.git",
      "state" : {
        "branch" : "gfm",
        "revision" : "2c47322cb32cbed555f13bf5cbfaa488cc30a785"
      }
    },
    {
      "identity" : "swift-markdown",
      "kind" : "remoteSourceControl",
      "location" : "https://github.com/apple/swift-markdown.git",
      "state" : {
        "branch" : "main",
        "revision" : "365bf2d61d5fbca5cbd3b359b203ef6a69d9381f"
      }
    }
  ],
  "version" : 2
}
